
Microsoft Visual Studio Solution File, Format Version 12.00
# Visual Studio Version 16
VisualStudioVersion = 16.0.28729.10
MinimumVisualStudioVersion = 10.0.40219.1
Project("{FAE04EC0-301F-11D3-BF4B-00C04F79EFBC}") = "transacoesNBitcoin", "transacoesNBitcoin\transacoesNBitcoin.csproj", "{D23A14E9-41E0-4F3E-81E9-5375DE645AE8}"
EndProject
Project("{FAE04EC0-301F-11D3-BF4B-00C04F79EFBC}") = "Arbitrador Bitcoin.Android", "Arbitrador Bitcoin\Arbitrador Bitcoin.Android\Arbitrador Bitcoin.Android.csproj", "{AE9BC0B9-2832-4AC6-A368-C4B735832356}"
EndProject
Project("{FAE04EC0-301F-11D3-BF4B-00C04F79EFBC}") = "Arbitrador Bitcoin.iOS", "Arbitrador Bitcoin\Arbitrador Bitcoin.iOS\Arbitrador Bitcoin.iOS.csproj", "{09B2715A-A7E7-4212-849D-BF2B35D33683}"
EndProject
Project("{FAE04EC0-301F-11D3-BF4B-00C04F79EFBC}") = "Arbitrador Bitcoin", "Arbitrador Bitcoin\Arbitrador Bitcoin\Arbitrador Bitcoin.csproj", "{4916386C-1E6B-4DD2-B2F5-C3A966304332}"
EndProject
Global
	GlobalSection(SolutionConfigurationPlatforms) = preSolution
		Debug|Any CPU = Debug|Any CPU
		Debug|iPhone = Debug|iPhone
		Debug|iPhoneSimulator = Debug|iPhoneSimulator
		Release|Any CPU = Release|Any CPU
		Release|iPhone = Release|iPhone
		Release|iPhoneSimulator = Release|iPhoneSimulator
	EndGlobalSection
	GlobalSection(ProjectConfigurationPlatforms) = postSolution
		{D23A14E9-41E0-4F3E-81E9-5375DE645AE8}.Debug|Any CPU.ActiveCfg = Debug|Any CPU
		{D23A14E9-41E0-4F3E-81E9-5375DE645AE8}.Debug|Any CPU.Build.0 = Debug|Any CPU
		{D23A14E9-41E0-4F3E-81E9-5375DE645AE8}.Debug|iPhone.ActiveCfg = Debug|Any CPU
		{D23A14E9-41E0-4F3E-81E9-5375DE645AE8}.Debug|iPhone.Build.0 = Debug|Any CPU
		{D23A14E9-41E0-4F3E-81E9-5375DE645AE8}.Debug|iPhoneSimulator.ActiveCfg = Debug|Any CPU
		{D23A14E9-41E0-4F3E-81E9-5375DE645AE8}.Debug|iPhoneSimulator.Build.0 = Debug|Any CPU
		{D23A14E9-41E0-4F3E-81E9-5375DE645AE8}.Release|Any CPU.ActiveCfg = Release|Any CPU
		{D23A14E9-41E0-4F3E-81E9-5375DE645AE8}.Release|Any CPU.Build.0 = Release|Any CPU
		{D23A14E9-41E0-4F3E-81E9-5375DE645AE8}.Release|iPhone.ActiveCfg = Release|Any CPU
		{D23A14E9-41E0-4F3E-81E9-5375DE645AE8}.Release|iPhone.Build.0 = Release|Any CPU
		{D23A14E9-41E0-4F3E-81E9-5375DE645AE8}.Release|iPhoneSimulator.ActiveCfg = Release|Any CPU
		{D23A14E9-41E0-4F3E-81E9-5375DE645AE8}.Release|iPhoneSimulator.Build.0 = Release|Any CPU
		{AE9BC0B9-2832-4AC6-A368-C4B735832356}.Debug|Any CPU.ActiveCfg = Debug|Any CPU
		{AE9BC0B9-2832-4AC6-A368-C4B735832356}.Debug|Any CPU.Build.0 = Debug|Any CPU
		{AE9BC0B9-2832-4AC6-A368-C4B735832356}.Debug|Any CPU.Deploy.0 = Debug|Any CPU
		{AE9BC0B9-2832-4AC6-A368-C4B735832356}.Debug|iPhone.ActiveCfg = Debug|Any CPU
		{AE9BC0B9-2832-4AC6-A368-C4B735832356}.Debug|iPhone.Build.0 = Debug|Any CPU
		{AE9BC0B9-2832-4AC6-A368-C4B735832356}.Debug|iPhone.Deploy.0 = Debug|Any CPU
		{AE9BC0B9-2832-4AC6-A368-C4B735832356}.Debug|iPhoneSimulator.ActiveCfg = Debug|Any CPU
		{AE9BC0B9-2832-4AC6-A368-C4B735832356}.Debug|iPhoneSimulator.Build.0 = Debug|Any CPU
		{AE9BC0B9-2832-4AC6-A368-C4B735832356}.Debug|iPhoneSimulator.Deploy.0 = Debug|Any CPU
		{AE9BC0B9-2832-4AC6-A368-C4B735832356}.Release|Any CPU.ActiveCfg = Release|Any CPU
		{AE9BC0B9-2832-4AC6-A368-C4B735832356}.Release|Any CPU.Build.0 = Release|Any CPU
		{AE9BC0B9-2832-4AC6-A368-C4B735832356}.Release|Any CPU.Deploy.0 = Release|Any CPU
		{AE9BC0B9-2832-4AC6-A368-C4B735832356}.Release|iPhone.ActiveCfg = Release|Any CPU
		{AE9BC0B9-2832-4AC6-A368-C4B735832356}.Release|iPhone.Build.0 = Release|Any CPU
		{AE9BC0B9-2832-4AC6-A368-C4B735832356}.Release|iPhone.Deploy.0 = Release|Any CPU
		{AE9BC0B9-2832-4AC6-A368-C4B735832356}.Release|iPhoneSimulator.ActiveCfg = Release|Any CPU
		{AE9BC0B9-2832-4AC6-A368-C4B735832356}.Release|iPhoneSimulator.Build.0 = Release|Any CPU
		{AE9BC0B9-2832-4AC6-A368-C4B735832356}.Release|iPhoneSimulator.Deploy.0 = Release|Any CPU
		{09B2715A-A7E7-4212-849D-BF2B35D33683}.Debug|Any CPU.ActiveCfg = Debug|iPhone
		{09B2715A-A7E7-4212-849D-BF2B35D33683}.Debug|iPhone.ActiveCfg = Debug|iPhone
		{09B2715A-A7E7-4212-849D-BF2B35D33683}.Debug|iPhone.Build.0 = Debug|iPhone
		{09B2715A-A7E7-4212-849D-BF2B35D33683}.Debug|iPhoneSimulator.ActiveCfg = Debug|iPhoneSimulator
		{09B2715A-A7E7-4212-849D-BF2B35D33683}.Debug|iPhoneSimulator.Build.0 = Debug|iPhoneSimulator
		{09B2715A-A7E7-4212-849D-BF2B35D33683}.Release|Any CPU.ActiveCfg = Release|iPhone
		{09B2715A-A7E7-4212-849D-BF2B35D33683}.Release|iPhone.ActiveCfg = Release|iPhone
		{09B2715A-A7E7-4212-849D-BF2B35D33683}.Release|iPhone.Build.0 = Release|iPhone
		{09B2715A-A7E7-4212-849D-BF2B35D33683}.Release|iPhoneSimulator.ActiveCfg = Release|iPhoneSimulator
		{09B2715A-A7E7-4212-849D-BF2B35D33683}.Release|iPhoneSimulator.Build.0 = Release|iPhoneSimulator
		{4916386C-1E6B-4DD2-B2F5-C3A966304332}.Debug|Any CPU.ActiveCfg = Debug|Any CPU
		{4916386C-1E6B-4DD2-B2F5-C3A966304332}.Debug|Any CPU.Build.0 = Debug|Any CPU
		{4916386C-1E6B-4DD2-B2F5-C3A966304332}.Debug|iPhone.ActiveCfg = Debug|Any CPU
		{4916386C-1E6B-4DD2-B2F5-C3A966304332}.Debug|iPhone.Build.0 = Debug|Any CPU
		{4916386C-1E6B-4DD2-B2F5-C3A966304332}.Debug|iPhoneSimulator.ActiveCfg = Debug|Any CPU
		{4916386C-1E6B-4DD2-B2F5-C3A966304332}.Debug|iPhoneSimulator.Build.0 = Debug|Any CPU
		{4916386C-1E6B-4DD2-B2F5-C3A966304332}.Release|Any CPU.ActiveCfg = Release|Any CPU
		{4916386C-1E6B-4DD2-B2F5-C3A966304332}.Release|Any CPU.Build.0 = Release|Any CPU
		{4916386C-1E6B-4DD2-B2F5-C3A966304332}.Release|iPhone.ActiveCfg = Release|Any CPU
		{4916386C-1E6B-4DD2-B2F5-C3A966304332}.Release|iPhone.Build.0 = Release|Any CPU
		{4916386C-1E6B-4DD2-B2F5-C3A966304332}.Release|iPhoneSimulator.ActiveCfg = Release|Any CPU
		{4916386C-1E6B-4DD2-B2F5-C3A966304332}.Release|iPhoneSimulator.Build.0 = Release|Any CPU
	EndGlobalSection
	GlobalSection(SolutionProperties) = preSolution
		HideSolutionNode = FALSE
	EndGlobalSection
	GlobalSection(ExtensibilityGlobals) = postSolution
		SolutionGuid = {E60CA624-DB96-4669-BFAF-AB7055D5CEE2}
	EndGlobalSection
EndGlobal
