
Microsoft Visual Studio Solution File, Format Version 12.00
# Visual Studio 15
VisualStudioVersion = 15.0.28010.2048
MinimumVisualStudioVersion = 10.0.40219.1
Project("{FAE04EC0-301F-11D3-BF4B-00C04F79EFBC}") = "transacoesNBitcoin", "transacoes\transacoesNBitcoin.csproj", "{D23A14E9-41E0-4F3E-81E9-5375DE645AE8}"
EndProject
Global
	GlobalSection(SolutionConfigurationPlatforms) = preSolution
		Debug|Any CPU = Debug|Any CPU
		Release|Any CPU = Release|Any CPU
	EndGlobalSection
	GlobalSection(ProjectConfigurationPlatforms) = postSolution
		{D23A14E9-41E0-4F3E-81E9-5375DE645AE8}.Debug|Any CPU.ActiveCfg = Debug|Any CPU
		{D23A14E9-41E0-4F3E-81E9-5375DE645AE8}.Debug|Any CPU.Build.0 = Debug|Any CPU
		{D23A14E9-41E0-4F3E-81E9-5375DE645AE8}.Release|Any CPU.ActiveCfg = Release|Any CPU
		{D23A14E9-41E0-4F3E-81E9-5375DE645AE8}.Release|Any CPU.Build.0 = Release|Any CPU
	EndGlobalSection
	GlobalSection(SolutionProperties) = preSolution
		HideSolutionNode = FALSE
	EndGlobalSection
	GlobalSection(ExtensibilityGlobals) = postSolution
		SolutionGuid = {82279590-DA74-4201-8658-9A48B6DE8336}
	EndGlobalSection
EndGlobal
